# Generated by molto. Committed on purpose: it is what makes a
# build on another machine contain the same bytes as this one.
# Edit Project.toml, not this file.

version = 1
root = "moltest_mock"

[[package]]
name = "moltest"
version = "0.4.0"
source = "git+https://github.com/moltobuild/moltest#v0.4.0"
scopes = ["runtime"]
dependencies = []
